# This file is automatically @generated by Cargo.
# It is not intended for manual editing.
version = 3

[[package]]
name = "decriel-cli"
version = "0.1.0"
dependencies = [
 "decriel-core",
]

[[package]]
name = "decriel-core"
version = "0.1.0"
dependencies = [
 "decriel-diagnostics",
]

[[package]]
name = "decriel-diagnostics"
version = "0.1.0"
